// !$*UTF8*$!
{
	archiveVersion = 1;
	classes = {
	};
	objectVersion = 46;
	objects = {

/* Begin PBXBuildFile section */
		05F0AA3C1E319F4200DAAE22 /* main.cpp in Sources */ = {isa = PBXBuildFile; fileRef = 05F0AA3B1E319F4200DAAE22 /* main.cpp */; };
/* End PBXBuildFile section */

/* Begin PBXCopyFilesBuildPhase section */
		05F0AA361E319F4200DAAE22 /* CopyFiles */ = {
			isa = PBXCopyFilesBuildPhase;
			buildActionMask = 2147483647;
			dstPath = /usr/share/man/man1/;
			dstSubfolderSpec = 0;
			files = (
			);
			runOnlyForDeploymentPostprocessing = 1;
		};
/* End PBXCopyFilesBuildPhase section */

/* Begin PBXFileReference section */
		05F0AA381E319F4200DAAE22 /* Codeforces Round #392 (Div. 2), problem: (B) Blown Garland */ = {isa = PBXFileReference; explicitFileType = "compiled.mach-o.executable"; includeInIndex = 0; path = "Codeforces Round #392 (Div. 2), problem: (B) Blown Garland"; sourceTree = BUILT_PRODUCTS_DIR; };
		05F0AA3B1E319F4200DAAE22 /* main.cpp */ = {isa = PBXFileReference; lastKnownFileType = sourcecode.cpp.cpp; path = main.cpp; sourceTree = "<group>"; };
/* End PBXFileReference section */

/* Begin PBXFrameworksBuildPhase section */
		05F0AA351E319F4200DAAE22 /* Frameworks */ = {
			isa = PBXFrameworksBuildPhase;
			buildActionMask = 2147483647;
			files = (
			);
			runOnlyForDeploymentPostprocessing = 0;
		};
/* End PBXFrameworksBuildPhase section */

/* Begin PBXGroup section */
		05F0AA2F1E319F4200DAAE22 = {
			isa = PBXGroup;
			children = (
				05F0AA3A1E319F4200DAAE22 /* Codeforces Round #392 (Div. 2), problem: (B) Blown Garland */,
				05F0AA391E319F4200DAAE22 /* Products */,
			);
			sourceTree = "<group>";
		};
		05F0AA391E319F4200DAAE22 /* Products */ = {
			isa = PBXGroup;
			children = (
				05F0AA381E319F4200DAAE22 /* Codeforces Round #392 (Div. 2), problem: (B) Blown Garland */,
			);
			name = Products;
			sourceTree = "<group>";
		};
		05F0AA3A1E319F4200DAAE22 /* Codeforces Round #392 (Div. 2), problem: (B) Blown Garland */ = {
			isa = PBXGroup;
			children = (
				05F0AA3B1E319F4200DAAE22 /* main.cpp */,
			);
			path = "Codeforces Round #392 (Div. 2), problem: (B) Blown Garland";
			sourceTree = "<group>";
		};
/* End PBXGroup section */

/* Begin PBXNativeTarget section */
		05F0AA371E319F4200DAAE22 /* Codeforces Round #392 (Div. 2), problem: (B) Blown Garland */ = {
			isa = PBXNativeTarget;
			buildConfigurationList = 05F0AA3F1E319F4200DAAE22 /* Build configuration list for PBXNativeTarget "Codeforces Round #392 (Div. 2), problem: (B) Blown Garland" */;
			buildPhases = (
				05F0AA341E319F4200DAAE22 /* Sources */,
				05F0AA351E319F4200DAAE22 /* Frameworks */,
				05F0AA361E319F4200DAAE22 /* CopyFiles */,
			);
			buildRules = (
			);
			dependencies = (
			);
			name = "Codeforces Round #392 (Div. 2), problem: (B) Blown Garland";
			productName = "Codeforces Round #392 (Div. 2), problem: (B) Blown Garland";
			productReference = 05F0AA381E319F4200DAAE22 /* Codeforces Round #392 (Div. 2), problem: (B) Blown Garland */;
			productType = "com.apple.product-type.tool";
		};
/* End PBXNativeTarget section */

/* Begin PBXProject section */
		05F0AA301E319F4200DAAE22 /* Project object */ = {
			isa = PBXProject;
			attributes = {
				LastUpgradeCheck = 0800;
				ORGANIZATIONNAME = "S M HEMEL";
				TargetAttributes = {
					05F0AA371E319F4200DAAE22 = {
						CreatedOnToolsVersion = 8.0;
						ProvisioningStyle = Automatic;
					};
				};
			};
			buildConfigurationList = 05F0AA331E319F4200DAAE22 /* Build configuration list for PBXProject "Codeforces Round #392 (Div. 2), problem: (B) Blown Garland" */;
			compatibilityVersion = "Xcode 3.2";
			developmentRegion = English;
			hasScannedForEncodings = 0;
			knownRegions = (
				en,
			);
			mainGroup = 05F0AA2F1E319F4200DAAE22;
			productRefGroup = 05F0AA391E319F4200DAAE22 /* Products */;
			projectDirPath = "";
			projectRoot = "";
			targets = (
				05F0AA371E319F4200DAAE22 /* Codeforces Round #392 (Div. 2), problem: (B) Blown Garland */,
			);
		};
/* End PBXProject section */

/* Begin PBXSourcesBuildPhase section */
		05F0AA341E319F4200DAAE22 /* Sources */ = {
			isa = PBXSourcesBuildPhase;
			buildActionMask = 2147483647;
			files = (
				05F0AA3C1E319F4200DAAE22 /* main.cpp in Sources */,
			);
			runOnlyForDeploymentPostprocessing = 0;
		};
/* End PBXSourcesBuildPhase section */

/* Begin XCBuildConfiguration section */
		05F0AA3D1E319F4200DAAE22 /* Debug */ = {
			isa = XCBuildConfiguration;
			buildSettings = {
				ALWAYS_SEARCH_USER_PATHS = NO;
				CLANG_ANALYZER_NONNULL = YES;
				CLANG_CXX_LANGUAGE_STANDARD = "gnu++0x";
				CLANG_CXX_LIBRARY = "libc++";
				CLANG_ENABLE_MODULES = YES;
				CLANG_ENABLE_OBJC_ARC = YES;
				CLANG_WARN_BOOL_CONVERSION = YES;
				CLANG_WARN_CONSTANT_CONVERSION = YES;
				CLANG_WARN_DIRECT_OBJC_ISA_USAGE = YES_ERROR;
				CLANG_WARN_DOCUMENTATION_COMMENTS = YES;
				CLANG_WARN_EMPTY_BODY = YES;
				CLANG_WARN_ENUM_CONVERSION = YES;
				CLANG_WARN_INFINITE_RECURSION = YES;
				CLANG_WARN_INT_CONVERSION = YES;
				CLANG_WARN_OBJC_ROOT_CLASS = YES_ERROR;
				CLANG_WARN_SUSPICIOUS_MOVES = YES;
				CLANG_WARN_UNREACHABLE_CODE = YES;
				CLANG_WARN__DUPLICATE_METHOD_MATCH = YES;
				CODE_SIGN_IDENTITY = "-";
				COPY_PHASE_STRIP = NO;
				DEBUG_INFORMATION_FORMAT = dwarf;
				ENABLE_STRICT_OBJC_MSGSEND = YES;
				ENABLE_TESTABILITY = YES;
				GCC_C_LANGUAGE_STANDARD = gnu99;
				GCC_DYNAMIC_NO_PIC = NO;
				GCC_NO_COMMON_BLOCKS = YES;
				GCC_OPTIMIZATION_LEVEL = 0;
				GCC_PREPROCESSOR_DEFINITIONS = (
					"DEBUG=1",
					"$(inherited)",
				);
				GCC_WARN_64_TO_32_BIT_CONVERSION = YES;
				GCC_WARN_ABOUT_RETURN_TYPE = YES_ERROR;
				GCC_WARN_UNDECLARED_SELECTOR = YES;
				GCC_WARN_UNINITIALIZED_AUTOS = YES_AGGRESSIVE;
				GCC_WARN_UNUSED_FUNCTION = YES;
				GCC_WARN_UNUSED_VARIABLE = YES;
				MACOSX_DEPLOYMENT_TARGET = 10.12;
				MTL_ENABLE_DEBUG_INFO = YES;
				ONLY_ACTIVE_ARCH = YES;
				SDKROOT = macosx;
			};
			name = Debug;
		};
		05F0AA3E1E319F4200DAAE22 /* Release */ = {
			isa = XCBuildConfiguration;
			buildSettings = {
				ALWAYS_SEARCH_USER_PATHS = NO;
				CLANG_ANALYZER_NONNULL = YES;
				CLANG_CXX_LANGUAGE_STANDARD = "gnu++0x";
				CLANG_CXX_LIBRARY = "libc++";
				CLANG_ENABLE_MODULES = YES;
				CLANG_ENABLE_OBJC_ARC = YES;
				CLANG_WARN_BOOL_CONVERSION = YES;
				CLANG_WARN_CONSTANT_CONVERSION = YES;
				CLANG_WARN_DIRECT_OBJC_ISA_USAGE = YES_ERROR;
				CLANG_WARN_DOCUMENTATION_COMMENTS = YES;
				CLANG_WARN_EMPTY_BODY = YES;
				CLANG_WARN_ENUM_CONVERSION = YES;
				CLANG_WARN_INFINITE_RECURSION = YES;
				CLANG_WARN_INT_CONVERSION = YES;
				CLANG_WARN_OBJC_ROOT_CLASS = YES_ERROR;
				CLANG_WARN_SUSPICIOUS_MOVES = YES;
				CLANG_WARN_UNREACHABLE_CODE = YES;
				CLANG_WARN__DUPLICATE_METHOD_MATCH = YES;
				CODE_SIGN_IDENTITY = "-";
				COPY_PHASE_STRIP = NO;
				DEBUG_INFORMATION_FORMAT = "dwarf-with-dsym";
				ENABLE_NS_ASSERTIONS = NO;
				ENABLE_STRICT_OBJC_MSGSEND = YES;
				GCC_C_LANGUAGE_STANDARD = gnu99;
				GCC_NO_COMMON_BLOCKS = YES;
				GCC_WARN_64_TO_32_BIT_CONVERSION = YES;
				GCC_WARN_ABOUT_RETURN_TYPE = YES_ERROR;
				GCC_WARN_UNDECLARED_SELECTOR = YES;
				GCC_WARN_UNINITIALIZED_AUTOS = YES_AGGRESSIVE;
				GCC_WARN_UNUSED_FUNCTION = YES;
				GCC_WARN_UNUSED_VARIABLE = YES;
				MACOSX_DEPLOYMENT_TARGET = 10.12;
				MTL_ENABLE_DEBUG_INFO = NO;
				SDKROOT = macosx;
			};
			name = Release;
		};
		05F0AA401E319F4200DAAE22 /* Debug */ = {
			isa = XCBuildConfiguration;
			buildSettings = {
				PRODUCT_NAME = "$(TARGET_NAME)";
			};
			name = Debug;
		};
		05F0AA411E319F4200DAAE22 /* Release */ = {
			isa = XCBuildConfiguration;
			buildSettings = {
				PRODUCT_NAME = "$(TARGET_NAME)";
			};
			name = Release;
		};
/* End XCBuildConfiguration section */

/* Begin XCConfigurationList section */
		05F0AA331E319F4200DAAE22 /* Build configuration list for PBXProject "Codeforces Round #392 (Div. 2), problem: (B) Blown Garland" */ = {
			isa = XCConfigurationList;
			buildConfigurations = (
				05F0AA3D1E319F4200DAAE22 /* Debug */,
				05F0AA3E1E319F4200DAAE22 /* Release */,
			);
			defaultConfigurationIsVisible = 0;
			defaultConfigurationName = Release;
		};
		05F0AA3F1E319F4200DAAE22 /* Build configuration list for PBXNativeTarget "Codeforces Round #392 (Div. 2), problem: (B) Blown Garland" */ = {
			isa = XCConfigurationList;
			buildConfigurations = (
				05F0AA401E319F4200DAAE22 /* Debug */,
				05F0AA411E319F4200DAAE22 /* Release */,
			);
			defaultConfigurationIsVisible = 0;
		};
/* End XCConfigurationList section */
	};
	rootObject = 05F0AA301E319F4200DAAE22 /* Project object */;
}
