// !$*UTF8*$!
{
	archiveVersion = 1;
	classes = {
	};
	objectVersion = 46;
	objects = {

/* Begin PBXBuildFile section */
		0523D9331E87147B006C1BC4 /* main.cpp in Sources */ = {isa = PBXBuildFile; fileRef = 0523D9321E87147B006C1BC4 /* main.cpp */; };
/* End PBXBuildFile section */

/* Begin PBXCopyFilesBuildPhase section */
		0523D92D1E87147B006C1BC4 /* CopyFiles */ = {
			isa = PBXCopyFilesBuildPhase;
			buildActionMask = 2147483647;
			dstPath = /usr/share/man/man1/;
			dstSubfolderSpec = 0;
			files = (
			);
			runOnlyForDeploymentPostprocessing = 1;
		};
/* End PBXCopyFilesBuildPhase section */

/* Begin PBXFileReference section */
		0523D92F1E87147B006C1BC4 /* Codeforces Round #361 (Div. 2) - A. Mike and Cellphone */ = {isa = PBXFileReference; explicitFileType = "compiled.mach-o.executable"; includeInIndex = 0; path = "Codeforces Round #361 (Div. 2) - A. Mike and Cellphone"; sourceTree = BUILT_PRODUCTS_DIR; };
		0523D9321E87147B006C1BC4 /* main.cpp */ = {isa = PBXFileReference; lastKnownFileType = sourcecode.cpp.cpp; path = main.cpp; sourceTree = "<group>"; };
/* End PBXFileReference section */

/* Begin PBXFrameworksBuildPhase section */
		0523D92C1E87147B006C1BC4 /* Frameworks */ = {
			isa = PBXFrameworksBuildPhase;
			buildActionMask = 2147483647;
			files = (
			);
			runOnlyForDeploymentPostprocessing = 0;
		};
/* End PBXFrameworksBuildPhase section */

/* Begin PBXGroup section */
		0523D9261E87147B006C1BC4 = {
			isa = PBXGroup;
			children = (
				0523D9311E87147B006C1BC4 /* Codeforces Round #361 (Div. 2) - A. Mike and Cellphone */,
				0523D9301E87147B006C1BC4 /* Products */,
			);
			sourceTree = "<group>";
		};
		0523D9301E87147B006C1BC4 /* Products */ = {
			isa = PBXGroup;
			children = (
				0523D92F1E87147B006C1BC4 /* Codeforces Round #361 (Div. 2) - A. Mike and Cellphone */,
			);
			name = Products;
			sourceTree = "<group>";
		};
		0523D9311E87147B006C1BC4 /* Codeforces Round #361 (Div. 2) - A. Mike and Cellphone */ = {
			isa = PBXGroup;
			children = (
				0523D9321E87147B006C1BC4 /* main.cpp */,
			);
			path = "Codeforces Round #361 (Div. 2) - A. Mike and Cellphone";
			sourceTree = "<group>";
		};
/* End PBXGroup section */

/* Begin PBXNativeTarget section */
		0523D92E1E87147B006C1BC4 /* Codeforces Round #361 (Div. 2) - A. Mike and Cellphone */ = {
			isa = PBXNativeTarget;
			buildConfigurationList = 0523D9361E87147B006C1BC4 /* Build configuration list for PBXNativeTarget "Codeforces Round #361 (Div. 2) - A. Mike and Cellphone" */;
			buildPhases = (
				0523D92B1E87147B006C1BC4 /* Sources */,
				0523D92C1E87147B006C1BC4 /* Frameworks */,
				0523D92D1E87147B006C1BC4 /* CopyFiles */,
			);
			buildRules = (
			);
			dependencies = (
			);
			name = "Codeforces Round #361 (Div. 2) - A. Mike and Cellphone";
			productName = "Codeforces Round #361 (Div. 2) - A. Mike and Cellphone";
			productReference = 0523D92F1E87147B006C1BC4 /* Codeforces Round #361 (Div. 2) - A. Mike and Cellphone */;
			productType = "com.apple.product-type.tool";
		};
/* End PBXNativeTarget section */

/* Begin PBXProject section */
		0523D9271E87147B006C1BC4 /* Project object */ = {
			isa = PBXProject;
			attributes = {
				LastUpgradeCheck = 0820;
				ORGANIZATIONNAME = "Eastern University";
				TargetAttributes = {
					0523D92E1E87147B006C1BC4 = {
						CreatedOnToolsVersion = 8.2.1;
						DevelopmentTeam = 9BS6UYQ9N9;
						ProvisioningStyle = Automatic;
					};
				};
			};
			buildConfigurationList = 0523D92A1E87147B006C1BC4 /* Build configuration list for PBXProject "Codeforces Round #361 (Div. 2) - A. Mike and Cellphone" */;
			compatibilityVersion = "Xcode 3.2";
			developmentRegion = English;
			hasScannedForEncodings = 0;
			knownRegions = (
				en,
			);
			mainGroup = 0523D9261E87147B006C1BC4;
			productRefGroup = 0523D9301E87147B006C1BC4 /* Products */;
			projectDirPath = "";
			projectRoot = "";
			targets = (
				0523D92E1E87147B006C1BC4 /* Codeforces Round #361 (Div. 2) - A. Mike and Cellphone */,
			);
		};
/* End PBXProject section */

/* Begin PBXSourcesBuildPhase section */
		0523D92B1E87147B006C1BC4 /* Sources */ = {
			isa = PBXSourcesBuildPhase;
			buildActionMask = 2147483647;
			files = (
				0523D9331E87147B006C1BC4 /* main.cpp in Sources */,
			);
			runOnlyForDeploymentPostprocessing = 0;
		};
/* End PBXSourcesBuildPhase section */

/* Begin XCBuildConfiguration section */
		0523D9341E87147B006C1BC4 /* Debug */ = {
			isa = XCBuildConfiguration;
			buildSettings = {
				ALWAYS_SEARCH_USER_PATHS = NO;
				CLANG_ANALYZER_NONNULL = YES;
				CLANG_CXX_LANGUAGE_STANDARD = "gnu++0x";
				CLANG_CXX_LIBRARY = "libc++";
				CLANG_ENABLE_MODULES = YES;
				CLANG_ENABLE_OBJC_ARC = YES;
				CLANG_WARN_BOOL_CONVERSION = YES;
				CLANG_WARN_CONSTANT_CONVERSION = YES;
				CLANG_WARN_DIRECT_OBJC_ISA_USAGE = YES_ERROR;
				CLANG_WARN_DOCUMENTATION_COMMENTS = YES;
				CLANG_WARN_EMPTY_BODY = YES;
				CLANG_WARN_ENUM_CONVERSION = YES;
				CLANG_WARN_INFINITE_RECURSION = YES;
				CLANG_WARN_INT_CONVERSION = YES;
				CLANG_WARN_OBJC_ROOT_CLASS = YES_ERROR;
				CLANG_WARN_SUSPICIOUS_MOVE = YES;
				CLANG_WARN_UNREACHABLE_CODE = YES;
				CLANG_WARN__DUPLICATE_METHOD_MATCH = YES;
				CODE_SIGN_IDENTITY = "-";
				COPY_PHASE_STRIP = NO;
				DEBUG_INFORMATION_FORMAT = dwarf;
				ENABLE_STRICT_OBJC_MSGSEND = YES;
				ENABLE_TESTABILITY = YES;
				GCC_C_LANGUAGE_STANDARD = gnu99;
				GCC_DYNAMIC_NO_PIC = NO;
				GCC_NO_COMMON_BLOCKS = YES;
				GCC_OPTIMIZATION_LEVEL = 0;
				GCC_PREPROCESSOR_DEFINITIONS = (
					"DEBUG=1",
					"$(inherited)",
				);
				GCC_WARN_64_TO_32_BIT_CONVERSION = YES;
				GCC_WARN_ABOUT_RETURN_TYPE = YES_ERROR;
				GCC_WARN_UNDECLARED_SELECTOR = YES;
				GCC_WARN_UNINITIALIZED_AUTOS = YES_AGGRESSIVE;
				GCC_WARN_UNUSED_FUNCTION = YES;
				GCC_WARN_UNUSED_VARIABLE = YES;
				MACOSX_DEPLOYMENT_TARGET = 10.12;
				MTL_ENABLE_DEBUG_INFO = YES;
				ONLY_ACTIVE_ARCH = YES;
				SDKROOT = macosx;
			};
			name = Debug;
		};
		0523D9351E87147B006C1BC4 /* Release */ = {
			isa = XCBuildConfiguration;
			buildSettings = {
				ALWAYS_SEARCH_USER_PATHS = NO;
				CLANG_ANALYZER_NONNULL = YES;
				CLANG_CXX_LANGUAGE_STANDARD = "gnu++0x";
				CLANG_CXX_LIBRARY = "libc++";
				CLANG_ENABLE_MODULES = YES;
				CLANG_ENABLE_OBJC_ARC = YES;
				CLANG_WARN_BOOL_CONVERSION = YES;
				CLANG_WARN_CONSTANT_CONVERSION = YES;
				CLANG_WARN_DIRECT_OBJC_ISA_USAGE = YES_ERROR;
				CLANG_WARN_DOCUMENTATION_COMMENTS = YES;
				CLANG_WARN_EMPTY_BODY = YES;
				CLANG_WARN_ENUM_CONVERSION = YES;
				CLANG_WARN_INFINITE_RECURSION = YES;
				CLANG_WARN_INT_CONVERSION = YES;
				CLANG_WARN_OBJC_ROOT_CLASS = YES_ERROR;
				CLANG_WARN_SUSPICIOUS_MOVE = YES;
				CLANG_WARN_UNREACHABLE_CODE = YES;
				CLANG_WARN__DUPLICATE_METHOD_MATCH = YES;
				CODE_SIGN_IDENTITY = "-";
				COPY_PHASE_STRIP = NO;
				DEBUG_INFORMATION_FORMAT = "dwarf-with-dsym";
				ENABLE_NS_ASSERTIONS = NO;
				ENABLE_STRICT_OBJC_MSGSEND = YES;
				GCC_C_LANGUAGE_STANDARD = gnu99;
				GCC_NO_COMMON_BLOCKS = YES;
				GCC_WARN_64_TO_32_BIT_CONVERSION = YES;
				GCC_WARN_ABOUT_RETURN_TYPE = YES_ERROR;
				GCC_WARN_UNDECLARED_SELECTOR = YES;
				GCC_WARN_UNINITIALIZED_AUTOS = YES_AGGRESSIVE;
				GCC_WARN_UNUSED_FUNCTION = YES;
				GCC_WARN_UNUSED_VARIABLE = YES;
				MACOSX_DEPLOYMENT_TARGET = 10.12;
				MTL_ENABLE_DEBUG_INFO = NO;
				SDKROOT = macosx;
			};
			name = Release;
		};
		0523D9371E87147B006C1BC4 /* Debug */ = {
			isa = XCBuildConfiguration;
			buildSettings = {
				DEVELOPMENT_TEAM = 9BS6UYQ9N9;
				PRODUCT_NAME = "$(TARGET_NAME)";
			};
			name = Debug;
		};
		0523D9381E87147B006C1BC4 /* Release */ = {
			isa = XCBuildConfiguration;
			buildSettings = {
				DEVELOPMENT_TEAM = 9BS6UYQ9N9;
				PRODUCT_NAME = "$(TARGET_NAME)";
			};
			name = Release;
		};
/* End XCBuildConfiguration section */

/* Begin XCConfigurationList section */
		0523D92A1E87147B006C1BC4 /* Build configuration list for PBXProject "Codeforces Round #361 (Div. 2) - A. Mike and Cellphone" */ = {
			isa = XCConfigurationList;
			buildConfigurations = (
				0523D9341E87147B006C1BC4 /* Debug */,
				0523D9351E87147B006C1BC4 /* Release */,
			);
			defaultConfigurationIsVisible = 0;
			defaultConfigurationName = Release;
		};
		0523D9361E87147B006C1BC4 /* Build configuration list for PBXNativeTarget "Codeforces Round #361 (Div. 2) - A. Mike and Cellphone" */ = {
			isa = XCConfigurationList;
			buildConfigurations = (
				0523D9371E87147B006C1BC4 /* Debug */,
				0523D9381E87147B006C1BC4 /* Release */,
			);
			defaultConfigurationIsVisible = 0;
		};
/* End XCConfigurationList section */
	};
	rootObject = 0523D9271E87147B006C1BC4 /* Project object */;
}
