// !$*UTF8*$!
{
	archiveVersion = 1;
	classes = {
	};
	objectVersion = 46;
	objects = {

/* Begin PBXBuildFile section */
		051603401EC24B5100F8B2EF /* main.cpp in Sources */ = {isa = PBXBuildFile; fileRef = 0516033F1EC24B5100F8B2EF /* main.cpp */; };
/* End PBXBuildFile section */

/* Begin PBXCopyFilesBuildPhase section */
		0516033A1EC24B5100F8B2EF /* CopyFiles */ = {
			isa = PBXCopyFilesBuildPhase;
			buildActionMask = 2147483647;
			dstPath = /usr/share/man/man1/;
			dstSubfolderSpec = 0;
			files = (
			);
			runOnlyForDeploymentPostprocessing = 1;
		};
/* End PBXCopyFilesBuildPhase section */

/* Begin PBXFileReference section */
		0516033C1EC24B5100F8B2EF /* Codeforces Round #394 (Div. 2) - B. Dasha and friends */ = {isa = PBXFileReference; explicitFileType = "compiled.mach-o.executable"; includeInIndex = 0; path = "Codeforces Round #394 (Div. 2) - B. Dasha and friends"; sourceTree = BUILT_PRODUCTS_DIR; };
		0516033F1EC24B5100F8B2EF /* main.cpp */ = {isa = PBXFileReference; lastKnownFileType = sourcecode.cpp.cpp; path = main.cpp; sourceTree = "<group>"; };
/* End PBXFileReference section */

/* Begin PBXFrameworksBuildPhase section */
		051603391EC24B5100F8B2EF /* Frameworks */ = {
			isa = PBXFrameworksBuildPhase;
			buildActionMask = 2147483647;
			files = (
			);
			runOnlyForDeploymentPostprocessing = 0;
		};
/* End PBXFrameworksBuildPhase section */

/* Begin PBXGroup section */
		051603331EC24B5100F8B2EF = {
			isa = PBXGroup;
			children = (
				0516033E1EC24B5100F8B2EF /* Codeforces Round #394 (Div. 2) - B. Dasha and friends */,
				0516033D1EC24B5100F8B2EF /* Products */,
			);
			sourceTree = "<group>";
		};
		0516033D1EC24B5100F8B2EF /* Products */ = {
			isa = PBXGroup;
			children = (
				0516033C1EC24B5100F8B2EF /* Codeforces Round #394 (Div. 2) - B. Dasha and friends */,
			);
			name = Products;
			sourceTree = "<group>";
		};
		0516033E1EC24B5100F8B2EF /* Codeforces Round #394 (Div. 2) - B. Dasha and friends */ = {
			isa = PBXGroup;
			children = (
				0516033F1EC24B5100F8B2EF /* main.cpp */,
			);
			path = "Codeforces Round #394 (Div. 2) - B. Dasha and friends";
			sourceTree = "<group>";
		};
/* End PBXGroup section */

/* Begin PBXNativeTarget section */
		0516033B1EC24B5100F8B2EF /* Codeforces Round #394 (Div. 2) - B. Dasha and friends */ = {
			isa = PBXNativeTarget;
			buildConfigurationList = 051603431EC24B5100F8B2EF /* Build configuration list for PBXNativeTarget "Codeforces Round #394 (Div. 2) - B. Dasha and friends" */;
			buildPhases = (
				051603381EC24B5100F8B2EF /* Sources */,
				051603391EC24B5100F8B2EF /* Frameworks */,
				0516033A1EC24B5100F8B2EF /* CopyFiles */,
			);
			buildRules = (
			);
			dependencies = (
			);
			name = "Codeforces Round #394 (Div. 2) - B. Dasha and friends";
			productName = "Codeforces Round #394 (Div. 2) - B. Dasha and friends";
			productReference = 0516033C1EC24B5100F8B2EF /* Codeforces Round #394 (Div. 2) - B. Dasha and friends */;
			productType = "com.apple.product-type.tool";
		};
/* End PBXNativeTarget section */

/* Begin PBXProject section */
		051603341EC24B5100F8B2EF /* Project object */ = {
			isa = PBXProject;
			attributes = {
				LastUpgradeCheck = 0830;
				ORGANIZATIONNAME = "Eastern University";
				TargetAttributes = {
					0516033B1EC24B5100F8B2EF = {
						CreatedOnToolsVersion = 8.3.2;
						DevelopmentTeam = 9BS6UYQ9N9;
						ProvisioningStyle = Automatic;
					};
				};
			};
			buildConfigurationList = 051603371EC24B5100F8B2EF /* Build configuration list for PBXProject "Codeforces Round #394 (Div. 2) - B. Dasha and friends" */;
			compatibilityVersion = "Xcode 3.2";
			developmentRegion = English;
			hasScannedForEncodings = 0;
			knownRegions = (
				en,
			);
			mainGroup = 051603331EC24B5100F8B2EF;
			productRefGroup = 0516033D1EC24B5100F8B2EF /* Products */;
			projectDirPath = "";
			projectRoot = "";
			targets = (
				0516033B1EC24B5100F8B2EF /* Codeforces Round #394 (Div. 2) - B. Dasha and friends */,
			);
		};
/* End PBXProject section */

/* Begin PBXSourcesBuildPhase section */
		051603381EC24B5100F8B2EF /* Sources */ = {
			isa = PBXSourcesBuildPhase;
			buildActionMask = 2147483647;
			files = (
				051603401EC24B5100F8B2EF /* main.cpp in Sources */,
			);
			runOnlyForDeploymentPostprocessing = 0;
		};
/* End PBXSourcesBuildPhase section */

/* Begin XCBuildConfiguration section */
		051603411EC24B5100F8B2EF /* Debug */ = {
			isa = XCBuildConfiguration;
			buildSettings = {
				ALWAYS_SEARCH_USER_PATHS = NO;
				CLANG_ANALYZER_NONNULL = YES;
				CLANG_ANALYZER_NUMBER_OBJECT_CONVERSION = YES_AGGRESSIVE;
				CLANG_CXX_LANGUAGE_STANDARD = "gnu++0x";
				CLANG_CXX_LIBRARY = "libc++";
				CLANG_ENABLE_MODULES = YES;
				CLANG_ENABLE_OBJC_ARC = YES;
				CLANG_WARN_BOOL_CONVERSION = YES;
				CLANG_WARN_CONSTANT_CONVERSION = YES;
				CLANG_WARN_DIRECT_OBJC_ISA_USAGE = YES_ERROR;
				CLANG_WARN_DOCUMENTATION_COMMENTS = YES;
				CLANG_WARN_EMPTY_BODY = YES;
				CLANG_WARN_ENUM_CONVERSION = YES;
				CLANG_WARN_INFINITE_RECURSION = YES;
				CLANG_WARN_INT_CONVERSION = YES;
				CLANG_WARN_OBJC_ROOT_CLASS = YES_ERROR;
				CLANG_WARN_SUSPICIOUS_MOVE = YES;
				CLANG_WARN_UNREACHABLE_CODE = YES;
				CLANG_WARN__DUPLICATE_METHOD_MATCH = YES;
				CODE_SIGN_IDENTITY = "-";
				COPY_PHASE_STRIP = NO;
				DEBUG_INFORMATION_FORMAT = dwarf;
				ENABLE_STRICT_OBJC_MSGSEND = YES;
				ENABLE_TESTABILITY = YES;
				GCC_C_LANGUAGE_STANDARD = gnu99;
				GCC_DYNAMIC_NO_PIC = NO;
				GCC_NO_COMMON_BLOCKS = YES;
				GCC_OPTIMIZATION_LEVEL = 0;
				GCC_PREPROCESSOR_DEFINITIONS = (
					"DEBUG=1",
					"$(inherited)",
				);
				GCC_WARN_64_TO_32_BIT_CONVERSION = YES;
				GCC_WARN_ABOUT_RETURN_TYPE = YES_ERROR;
				GCC_WARN_UNDECLARED_SELECTOR = YES;
				GCC_WARN_UNINITIALIZED_AUTOS = YES_AGGRESSIVE;
				GCC_WARN_UNUSED_FUNCTION = YES;
				GCC_WARN_UNUSED_VARIABLE = YES;
				MACOSX_DEPLOYMENT_TARGET = 10.12;
				MTL_ENABLE_DEBUG_INFO = YES;
				ONLY_ACTIVE_ARCH = YES;
				SDKROOT = macosx;
			};
			name = Debug;
		};
		051603421EC24B5100F8B2EF /* Release */ = {
			isa = XCBuildConfiguration;
			buildSettings = {
				ALWAYS_SEARCH_USER_PATHS = NO;
				CLANG_ANALYZER_NONNULL = YES;
				CLANG_ANALYZER_NUMBER_OBJECT_CONVERSION = YES_AGGRESSIVE;
				CLANG_CXX_LANGUAGE_STANDARD = "gnu++0x";
				CLANG_CXX_LIBRARY = "libc++";
				CLANG_ENABLE_MODULES = YES;
				CLANG_ENABLE_OBJC_ARC = YES;
				CLANG_WARN_BOOL_CONVERSION = YES;
				CLANG_WARN_CONSTANT_CONVERSION = YES;
				CLANG_WARN_DIRECT_OBJC_ISA_USAGE = YES_ERROR;
				CLANG_WARN_DOCUMENTATION_COMMENTS = YES;
				CLANG_WARN_EMPTY_BODY = YES;
				CLANG_WARN_ENUM_CONVERSION = YES;
				CLANG_WARN_INFINITE_RECURSION = YES;
				CLANG_WARN_INT_CONVERSION = YES;
				CLANG_WARN_OBJC_ROOT_CLASS = YES_ERROR;
				CLANG_WARN_SUSPICIOUS_MOVE = YES;
				CLANG_WARN_UNREACHABLE_CODE = YES;
				CLANG_WARN__DUPLICATE_METHOD_MATCH = YES;
				CODE_SIGN_IDENTITY = "-";
				COPY_PHASE_STRIP = NO;
				DEBUG_INFORMATION_FORMAT = "dwarf-with-dsym";
				ENABLE_NS_ASSERTIONS = NO;
				ENABLE_STRICT_OBJC_MSGSEND = YES;
				GCC_C_LANGUAGE_STANDARD = gnu99;
				GCC_NO_COMMON_BLOCKS = YES;
				GCC_WARN_64_TO_32_BIT_CONVERSION = YES;
				GCC_WARN_ABOUT_RETURN_TYPE = YES_ERROR;
				GCC_WARN_UNDECLARED_SELECTOR = YES;
				GCC_WARN_UNINITIALIZED_AUTOS = YES_AGGRESSIVE;
				GCC_WARN_UNUSED_FUNCTION = YES;
				GCC_WARN_UNUSED_VARIABLE = YES;
				MACOSX_DEPLOYMENT_TARGET = 10.12;
				MTL_ENABLE_DEBUG_INFO = NO;
				SDKROOT = macosx;
			};
			name = Release;
		};
		051603441EC24B5100F8B2EF /* Debug */ = {
			isa = XCBuildConfiguration;
			buildSettings = {
				DEVELOPMENT_TEAM = 9BS6UYQ9N9;
				PRODUCT_NAME = "$(TARGET_NAME)";
			};
			name = Debug;
		};
		051603451EC24B5100F8B2EF /* Release */ = {
			isa = XCBuildConfiguration;
			buildSettings = {
				DEVELOPMENT_TEAM = 9BS6UYQ9N9;
				PRODUCT_NAME = "$(TARGET_NAME)";
			};
			name = Release;
		};
/* End XCBuildConfiguration section */

/* Begin XCConfigurationList section */
		051603371EC24B5100F8B2EF /* Build configuration list for PBXProject "Codeforces Round #394 (Div. 2) - B. Dasha and friends" */ = {
			isa = XCConfigurationList;
			buildConfigurations = (
				051603411EC24B5100F8B2EF /* Debug */,
				051603421EC24B5100F8B2EF /* Release */,
			);
			defaultConfigurationIsVisible = 0;
			defaultConfigurationName = Release;
		};
		051603431EC24B5100F8B2EF /* Build configuration list for PBXNativeTarget "Codeforces Round #394 (Div. 2) - B. Dasha and friends" */ = {
			isa = XCConfigurationList;
			buildConfigurations = (
				051603441EC24B5100F8B2EF /* Debug */,
				051603451EC24B5100F8B2EF /* Release */,
			);
			defaultConfigurationIsVisible = 0;
		};
/* End XCConfigurationList section */
	};
	rootObject = 051603341EC24B5100F8B2EF /* Project object */;
}
