// !$*UTF8*$!
{
	archiveVersion = 1;
	classes = {
	};
	objectVersion = 46;
	objects = {

/* Begin PBXBuildFile section */
		055FAFDD1EC08967000BE44C /* main.cpp in Sources */ = {isa = PBXBuildFile; fileRef = 055FAFDC1EC08967000BE44C /* main.cpp */; };
/* End PBXBuildFile section */

/* Begin PBXCopyFilesBuildPhase section */
		055FAFD71EC08967000BE44C /* CopyFiles */ = {
			isa = PBXCopyFilesBuildPhase;
			buildActionMask = 2147483647;
			dstPath = /usr/share/man/man1/;
			dstSubfolderSpec = 0;
			files = (
			);
			runOnlyForDeploymentPostprocessing = 1;
		};
/* End PBXCopyFilesBuildPhase section */

/* Begin PBXFileReference section */
		055FAFD91EC08967000BE44C /* Codeforces Round #369 (Div. 2) - A. Bus to Udayland */ = {isa = PBXFileReference; explicitFileType = "compiled.mach-o.executable"; includeInIndex = 0; path = "Codeforces Round #369 (Div. 2) - A. Bus to Udayland"; sourceTree = BUILT_PRODUCTS_DIR; };
		055FAFDC1EC08967000BE44C /* main.cpp */ = {isa = PBXFileReference; lastKnownFileType = sourcecode.cpp.cpp; path = main.cpp; sourceTree = "<group>"; };
/* End PBXFileReference section */

/* Begin PBXFrameworksBuildPhase section */
		055FAFD61EC08967000BE44C /* Frameworks */ = {
			isa = PBXFrameworksBuildPhase;
			buildActionMask = 2147483647;
			files = (
			);
			runOnlyForDeploymentPostprocessing = 0;
		};
/* End PBXFrameworksBuildPhase section */

/* Begin PBXGroup section */
		055FAFD01EC08967000BE44C = {
			isa = PBXGroup;
			children = (
				055FAFDB1EC08967000BE44C /* Codeforces Round #369 (Div. 2) - A. Bus to Udayland */,
				055FAFDA1EC08967000BE44C /* Products */,
			);
			sourceTree = "<group>";
		};
		055FAFDA1EC08967000BE44C /* Products */ = {
			isa = PBXGroup;
			children = (
				055FAFD91EC08967000BE44C /* Codeforces Round #369 (Div. 2) - A. Bus to Udayland */,
			);
			name = Products;
			sourceTree = "<group>";
		};
		055FAFDB1EC08967000BE44C /* Codeforces Round #369 (Div. 2) - A. Bus to Udayland */ = {
			isa = PBXGroup;
			children = (
				055FAFDC1EC08967000BE44C /* main.cpp */,
			);
			path = "Codeforces Round #369 (Div. 2) - A. Bus to Udayland";
			sourceTree = "<group>";
		};
/* End PBXGroup section */

/* Begin PBXNativeTarget section */
		055FAFD81EC08967000BE44C /* Codeforces Round #369 (Div. 2) - A. Bus to Udayland */ = {
			isa = PBXNativeTarget;
			buildConfigurationList = 055FAFE01EC08967000BE44C /* Build configuration list for PBXNativeTarget "Codeforces Round #369 (Div. 2) - A. Bus to Udayland" */;
			buildPhases = (
				055FAFD51EC08967000BE44C /* Sources */,
				055FAFD61EC08967000BE44C /* Frameworks */,
				055FAFD71EC08967000BE44C /* CopyFiles */,
			);
			buildRules = (
			);
			dependencies = (
			);
			name = "Codeforces Round #369 (Div. 2) - A. Bus to Udayland";
			productName = "Codeforces Round #369 (Div. 2) - A. Bus to Udayland";
			productReference = 055FAFD91EC08967000BE44C /* Codeforces Round #369 (Div. 2) - A. Bus to Udayland */;
			productType = "com.apple.product-type.tool";
		};
/* End PBXNativeTarget section */

/* Begin PBXProject section */
		055FAFD11EC08967000BE44C /* Project object */ = {
			isa = PBXProject;
			attributes = {
				LastUpgradeCheck = 0830;
				ORGANIZATIONNAME = "Eastern University";
				TargetAttributes = {
					055FAFD81EC08967000BE44C = {
						CreatedOnToolsVersion = 8.3.2;
						DevelopmentTeam = 9BS6UYQ9N9;
						ProvisioningStyle = Automatic;
					};
				};
			};
			buildConfigurationList = 055FAFD41EC08967000BE44C /* Build configuration list for PBXProject "Codeforces Round #369 (Div. 2) - A. Bus to Udayland" */;
			compatibilityVersion = "Xcode 3.2";
			developmentRegion = English;
			hasScannedForEncodings = 0;
			knownRegions = (
				en,
			);
			mainGroup = 055FAFD01EC08967000BE44C;
			productRefGroup = 055FAFDA1EC08967000BE44C /* Products */;
			projectDirPath = "";
			projectRoot = "";
			targets = (
				055FAFD81EC08967000BE44C /* Codeforces Round #369 (Div. 2) - A. Bus to Udayland */,
			);
		};
/* End PBXProject section */

/* Begin PBXSourcesBuildPhase section */
		055FAFD51EC08967000BE44C /* Sources */ = {
			isa = PBXSourcesBuildPhase;
			buildActionMask = 2147483647;
			files = (
				055FAFDD1EC08967000BE44C /* main.cpp in Sources */,
			);
			runOnlyForDeploymentPostprocessing = 0;
		};
/* End PBXSourcesBuildPhase section */

/* Begin XCBuildConfiguration section */
		055FAFDE1EC08967000BE44C /* Debug */ = {
			isa = XCBuildConfiguration;
			buildSettings = {
				ALWAYS_SEARCH_USER_PATHS = NO;
				CLANG_ANALYZER_NONNULL = YES;
				CLANG_ANALYZER_NUMBER_OBJECT_CONVERSION = YES_AGGRESSIVE;
				CLANG_CXX_LANGUAGE_STANDARD = "gnu++0x";
				CLANG_CXX_LIBRARY = "libc++";
				CLANG_ENABLE_MODULES = YES;
				CLANG_ENABLE_OBJC_ARC = YES;
				CLANG_WARN_BOOL_CONVERSION = YES;
				CLANG_WARN_CONSTANT_CONVERSION = YES;
				CLANG_WARN_DIRECT_OBJC_ISA_USAGE = YES_ERROR;
				CLANG_WARN_DOCUMENTATION_COMMENTS = YES;
				CLANG_WARN_EMPTY_BODY = YES;
				CLANG_WARN_ENUM_CONVERSION = YES;
				CLANG_WARN_INFINITE_RECURSION = YES;
				CLANG_WARN_INT_CONVERSION = YES;
				CLANG_WARN_OBJC_ROOT_CLASS = YES_ERROR;
				CLANG_WARN_SUSPICIOUS_MOVE = YES;
				CLANG_WARN_UNREACHABLE_CODE = YES;
				CLANG_WARN__DUPLICATE_METHOD_MATCH = YES;
				CODE_SIGN_IDENTITY = "-";
				COPY_PHASE_STRIP = NO;
				DEBUG_INFORMATION_FORMAT = dwarf;
				ENABLE_STRICT_OBJC_MSGSEND = YES;
				ENABLE_TESTABILITY = YES;
				GCC_C_LANGUAGE_STANDARD = gnu99;
				GCC_DYNAMIC_NO_PIC = NO;
				GCC_NO_COMMON_BLOCKS = YES;
				GCC_OPTIMIZATION_LEVEL = 0;
				GCC_PREPROCESSOR_DEFINITIONS = (
					"DEBUG=1",
					"$(inherited)",
				);
				GCC_WARN_64_TO_32_BIT_CONVERSION = YES;
				GCC_WARN_ABOUT_RETURN_TYPE = YES_ERROR;
				GCC_WARN_UNDECLARED_SELECTOR = YES;
				GCC_WARN_UNINITIALIZED_AUTOS = YES_AGGRESSIVE;
				GCC_WARN_UNUSED_FUNCTION = YES;
				GCC_WARN_UNUSED_VARIABLE = YES;
				MACOSX_DEPLOYMENT_TARGET = 10.12;
				MTL_ENABLE_DEBUG_INFO = YES;
				ONLY_ACTIVE_ARCH = YES;
				SDKROOT = macosx;
			};
			name = Debug;
		};
		055FAFDF1EC08967000BE44C /* Release */ = {
			isa = XCBuildConfiguration;
			buildSettings = {
				ALWAYS_SEARCH_USER_PATHS = NO;
				CLANG_ANALYZER_NONNULL = YES;
				CLANG_ANALYZER_NUMBER_OBJECT_CONVERSION = YES_AGGRESSIVE;
				CLANG_CXX_LANGUAGE_STANDARD = "gnu++0x";
				CLANG_CXX_LIBRARY = "libc++";
				CLANG_ENABLE_MODULES = YES;
				CLANG_ENABLE_OBJC_ARC = YES;
				CLANG_WARN_BOOL_CONVERSION = YES;
				CLANG_WARN_CONSTANT_CONVERSION = YES;
				CLANG_WARN_DIRECT_OBJC_ISA_USAGE = YES_ERROR;
				CLANG_WARN_DOCUMENTATION_COMMENTS = YES;
				CLANG_WARN_EMPTY_BODY = YES;
				CLANG_WARN_ENUM_CONVERSION = YES;
				CLANG_WARN_INFINITE_RECURSION = YES;
				CLANG_WARN_INT_CONVERSION = YES;
				CLANG_WARN_OBJC_ROOT_CLASS = YES_ERROR;
				CLANG_WARN_SUSPICIOUS_MOVE = YES;
				CLANG_WARN_UNREACHABLE_CODE = YES;
				CLANG_WARN__DUPLICATE_METHOD_MATCH = YES;
				CODE_SIGN_IDENTITY = "-";
				COPY_PHASE_STRIP = NO;
				DEBUG_INFORMATION_FORMAT = "dwarf-with-dsym";
				ENABLE_NS_ASSERTIONS = NO;
				ENABLE_STRICT_OBJC_MSGSEND = YES;
				GCC_C_LANGUAGE_STANDARD = gnu99;
				GCC_NO_COMMON_BLOCKS = YES;
				GCC_WARN_64_TO_32_BIT_CONVERSION = YES;
				GCC_WARN_ABOUT_RETURN_TYPE = YES_ERROR;
				GCC_WARN_UNDECLARED_SELECTOR = YES;
				GCC_WARN_UNINITIALIZED_AUTOS = YES_AGGRESSIVE;
				GCC_WARN_UNUSED_FUNCTION = YES;
				GCC_WARN_UNUSED_VARIABLE = YES;
				MACOSX_DEPLOYMENT_TARGET = 10.12;
				MTL_ENABLE_DEBUG_INFO = NO;
				SDKROOT = macosx;
			};
			name = Release;
		};
		055FAFE11EC08967000BE44C /* Debug */ = {
			isa = XCBuildConfiguration;
			buildSettings = {
				DEVELOPMENT_TEAM = 9BS6UYQ9N9;
				PRODUCT_NAME = "$(TARGET_NAME)";
			};
			name = Debug;
		};
		055FAFE21EC08967000BE44C /* Release */ = {
			isa = XCBuildConfiguration;
			buildSettings = {
				DEVELOPMENT_TEAM = 9BS6UYQ9N9;
				PRODUCT_NAME = "$(TARGET_NAME)";
			};
			name = Release;
		};
/* End XCBuildConfiguration section */

/* Begin XCConfigurationList section */
		055FAFD41EC08967000BE44C /* Build configuration list for PBXProject "Codeforces Round #369 (Div. 2) - A. Bus to Udayland" */ = {
			isa = XCConfigurationList;
			buildConfigurations = (
				055FAFDE1EC08967000BE44C /* Debug */,
				055FAFDF1EC08967000BE44C /* Release */,
			);
			defaultConfigurationIsVisible = 0;
			defaultConfigurationName = Release;
		};
		055FAFE01EC08967000BE44C /* Build configuration list for PBXNativeTarget "Codeforces Round #369 (Div. 2) - A. Bus to Udayland" */ = {
			isa = XCConfigurationList;
			buildConfigurations = (
				055FAFE11EC08967000BE44C /* Debug */,
				055FAFE21EC08967000BE44C /* Release */,
			);
			defaultConfigurationIsVisible = 0;
		};
/* End XCConfigurationList section */
	};
	rootObject = 055FAFD11EC08967000BE44C /* Project object */;
}
