// !$*UTF8*$!
{
	archiveVersion = 1;
	classes = {
	};
	objectVersion = 46;
	objects = {

/* Begin PBXBuildFile section */
		057A45271DFD0F5F008F46CE /* main.cpp in Sources */ = {isa = PBXBuildFile; fileRef = 057A45261DFD0F5F008F46CE /* main.cpp */; };
/* End PBXBuildFile section */

/* Begin PBXCopyFilesBuildPhase section */
		057A45211DFD0F5F008F46CE /* CopyFiles */ = {
			isa = PBXCopyFilesBuildPhase;
			buildActionMask = 2147483647;
			dstPath = /usr/share/man/man1/;
			dstSubfolderSpec = 0;
			files = (
			);
			runOnlyForDeploymentPostprocessing = 1;
		};
/* End PBXCopyFilesBuildPhase section */

/* Begin PBXFileReference section */
		057A45231DFD0F5F008F46CE /* Codeforces Round #105 (Div. 2), problem: (A) Insomnia cure */ = {isa = PBXFileReference; explicitFileType = "compiled.mach-o.executable"; includeInIndex = 0; path = "Codeforces Round #105 (Div. 2), problem: (A) Insomnia cure"; sourceTree = BUILT_PRODUCTS_DIR; };
		057A45261DFD0F5F008F46CE /* main.cpp */ = {isa = PBXFileReference; lastKnownFileType = sourcecode.cpp.cpp; path = main.cpp; sourceTree = "<group>"; };
/* End PBXFileReference section */

/* Begin PBXFrameworksBuildPhase section */
		057A45201DFD0F5F008F46CE /* Frameworks */ = {
			isa = PBXFrameworksBuildPhase;
			buildActionMask = 2147483647;
			files = (
			);
			runOnlyForDeploymentPostprocessing = 0;
		};
/* End PBXFrameworksBuildPhase section */

/* Begin PBXGroup section */
		057A451A1DFD0F5F008F46CE = {
			isa = PBXGroup;
			children = (
				057A45251DFD0F5F008F46CE /* Codeforces Round #105 (Div. 2), problem: (A) Insomnia cure */,
				057A45241DFD0F5F008F46CE /* Products */,
			);
			sourceTree = "<group>";
		};
		057A45241DFD0F5F008F46CE /* Products */ = {
			isa = PBXGroup;
			children = (
				057A45231DFD0F5F008F46CE /* Codeforces Round #105 (Div. 2), problem: (A) Insomnia cure */,
			);
			name = Products;
			sourceTree = "<group>";
		};
		057A45251DFD0F5F008F46CE /* Codeforces Round #105 (Div. 2), problem: (A) Insomnia cure */ = {
			isa = PBXGroup;
			children = (
				057A45261DFD0F5F008F46CE /* main.cpp */,
			);
			path = "Codeforces Round #105 (Div. 2), problem: (A) Insomnia cure";
			sourceTree = "<group>";
		};
/* End PBXGroup section */

/* Begin PBXNativeTarget section */
		057A45221DFD0F5F008F46CE /* Codeforces Round #105 (Div. 2), problem: (A) Insomnia cure */ = {
			isa = PBXNativeTarget;
			buildConfigurationList = 057A452A1DFD0F5F008F46CE /* Build configuration list for PBXNativeTarget "Codeforces Round #105 (Div. 2), problem: (A) Insomnia cure" */;
			buildPhases = (
				057A451F1DFD0F5F008F46CE /* Sources */,
				057A45201DFD0F5F008F46CE /* Frameworks */,
				057A45211DFD0F5F008F46CE /* CopyFiles */,
			);
			buildRules = (
			);
			dependencies = (
			);
			name = "Codeforces Round #105 (Div. 2), problem: (A) Insomnia cure";
			productName = "Codeforces Round #105 (Div. 2), problem: (A) Insomnia cure";
			productReference = 057A45231DFD0F5F008F46CE /* Codeforces Round #105 (Div. 2), problem: (A) Insomnia cure */;
			productType = "com.apple.product-type.tool";
		};
/* End PBXNativeTarget section */

/* Begin PBXProject section */
		057A451B1DFD0F5F008F46CE /* Project object */ = {
			isa = PBXProject;
			attributes = {
				LastUpgradeCheck = 0800;
				ORGANIZATIONNAME = "S M HEMEL";
				TargetAttributes = {
					057A45221DFD0F5F008F46CE = {
						CreatedOnToolsVersion = 8.0;
						ProvisioningStyle = Automatic;
					};
				};
			};
			buildConfigurationList = 057A451E1DFD0F5F008F46CE /* Build configuration list for PBXProject "Codeforces Round #105 (Div. 2), problem: (A) Insomnia cure" */;
			compatibilityVersion = "Xcode 3.2";
			developmentRegion = English;
			hasScannedForEncodings = 0;
			knownRegions = (
				en,
			);
			mainGroup = 057A451A1DFD0F5F008F46CE;
			productRefGroup = 057A45241DFD0F5F008F46CE /* Products */;
			projectDirPath = "";
			projectRoot = "";
			targets = (
				057A45221DFD0F5F008F46CE /* Codeforces Round #105 (Div. 2), problem: (A) Insomnia cure */,
			);
		};
/* End PBXProject section */

/* Begin PBXSourcesBuildPhase section */
		057A451F1DFD0F5F008F46CE /* Sources */ = {
			isa = PBXSourcesBuildPhase;
			buildActionMask = 2147483647;
			files = (
				057A45271DFD0F5F008F46CE /* main.cpp in Sources */,
			);
			runOnlyForDeploymentPostprocessing = 0;
		};
/* End PBXSourcesBuildPhase section */

/* Begin XCBuildConfiguration section */
		057A45281DFD0F5F008F46CE /* Debug */ = {
			isa = XCBuildConfiguration;
			buildSettings = {
				ALWAYS_SEARCH_USER_PATHS = NO;
				CLANG_ANALYZER_NONNULL = YES;
				CLANG_CXX_LANGUAGE_STANDARD = "gnu++0x";
				CLANG_CXX_LIBRARY = "libc++";
				CLANG_ENABLE_MODULES = YES;
				CLANG_ENABLE_OBJC_ARC = YES;
				CLANG_WARN_BOOL_CONVERSION = YES;
				CLANG_WARN_CONSTANT_CONVERSION = YES;
				CLANG_WARN_DIRECT_OBJC_ISA_USAGE = YES_ERROR;
				CLANG_WARN_DOCUMENTATION_COMMENTS = YES;
				CLANG_WARN_EMPTY_BODY = YES;
				CLANG_WARN_ENUM_CONVERSION = YES;
				CLANG_WARN_INFINITE_RECURSION = YES;
				CLANG_WARN_INT_CONVERSION = YES;
				CLANG_WARN_OBJC_ROOT_CLASS = YES_ERROR;
				CLANG_WARN_SUSPICIOUS_MOVES = YES;
				CLANG_WARN_UNREACHABLE_CODE = YES;
				CLANG_WARN__DUPLICATE_METHOD_MATCH = YES;
				CODE_SIGN_IDENTITY = "-";
				COPY_PHASE_STRIP = NO;
				DEBUG_INFORMATION_FORMAT = dwarf;
				ENABLE_STRICT_OBJC_MSGSEND = YES;
				ENABLE_TESTABILITY = YES;
				GCC_C_LANGUAGE_STANDARD = gnu99;
				GCC_DYNAMIC_NO_PIC = NO;
				GCC_NO_COMMON_BLOCKS = YES;
				GCC_OPTIMIZATION_LEVEL = 0;
				GCC_PREPROCESSOR_DEFINITIONS = (
					"DEBUG=1",
					"$(inherited)",
				);
				GCC_WARN_64_TO_32_BIT_CONVERSION = YES;
				GCC_WARN_ABOUT_RETURN_TYPE = YES_ERROR;
				GCC_WARN_UNDECLARED_SELECTOR = YES;
				GCC_WARN_UNINITIALIZED_AUTOS = YES_AGGRESSIVE;
				GCC_WARN_UNUSED_FUNCTION = YES;
				GCC_WARN_UNUSED_VARIABLE = YES;
				MACOSX_DEPLOYMENT_TARGET = 10.12;
				MTL_ENABLE_DEBUG_INFO = YES;
				ONLY_ACTIVE_ARCH = YES;
				SDKROOT = macosx;
			};
			name = Debug;
		};
		057A45291DFD0F5F008F46CE /* Release */ = {
			isa = XCBuildConfiguration;
			buildSettings = {
				ALWAYS_SEARCH_USER_PATHS = NO;
				CLANG_ANALYZER_NONNULL = YES;
				CLANG_CXX_LANGUAGE_STANDARD = "gnu++0x";
				CLANG_CXX_LIBRARY = "libc++";
				CLANG_ENABLE_MODULES = YES;
				CLANG_ENABLE_OBJC_ARC = YES;
				CLANG_WARN_BOOL_CONVERSION = YES;
				CLANG_WARN_CONSTANT_CONVERSION = YES;
				CLANG_WARN_DIRECT_OBJC_ISA_USAGE = YES_ERROR;
				CLANG_WARN_DOCUMENTATION_COMMENTS = YES;
				CLANG_WARN_EMPTY_BODY = YES;
				CLANG_WARN_ENUM_CONVERSION = YES;
				CLANG_WARN_INFINITE_RECURSION = YES;
				CLANG_WARN_INT_CONVERSION = YES;
				CLANG_WARN_OBJC_ROOT_CLASS = YES_ERROR;
				CLANG_WARN_SUSPICIOUS_MOVES = YES;
				CLANG_WARN_UNREACHABLE_CODE = YES;
				CLANG_WARN__DUPLICATE_METHOD_MATCH = YES;
				CODE_SIGN_IDENTITY = "-";
				COPY_PHASE_STRIP = NO;
				DEBUG_INFORMATION_FORMAT = "dwarf-with-dsym";
				ENABLE_NS_ASSERTIONS = NO;
				ENABLE_STRICT_OBJC_MSGSEND = YES;
				GCC_C_LANGUAGE_STANDARD = gnu99;
				GCC_NO_COMMON_BLOCKS = YES;
				GCC_WARN_64_TO_32_BIT_CONVERSION = YES;
				GCC_WARN_ABOUT_RETURN_TYPE = YES_ERROR;
				GCC_WARN_UNDECLARED_SELECTOR = YES;
				GCC_WARN_UNINITIALIZED_AUTOS = YES_AGGRESSIVE;
				GCC_WARN_UNUSED_FUNCTION = YES;
				GCC_WARN_UNUSED_VARIABLE = YES;
				MACOSX_DEPLOYMENT_TARGET = 10.12;
				MTL_ENABLE_DEBUG_INFO = NO;
				SDKROOT = macosx;
			};
			name = Release;
		};
		057A452B1DFD0F5F008F46CE /* Debug */ = {
			isa = XCBuildConfiguration;
			buildSettings = {
				PRODUCT_NAME = "$(TARGET_NAME)";
			};
			name = Debug;
		};
		057A452C1DFD0F5F008F46CE /* Release */ = {
			isa = XCBuildConfiguration;
			buildSettings = {
				PRODUCT_NAME = "$(TARGET_NAME)";
			};
			name = Release;
		};
/* End XCBuildConfiguration section */

/* Begin XCConfigurationList section */
		057A451E1DFD0F5F008F46CE /* Build configuration list for PBXProject "Codeforces Round #105 (Div. 2), problem: (A) Insomnia cure" */ = {
			isa = XCConfigurationList;
			buildConfigurations = (
				057A45281DFD0F5F008F46CE /* Debug */,
				057A45291DFD0F5F008F46CE /* Release */,
			);
			defaultConfigurationIsVisible = 0;
			defaultConfigurationName = Release;
		};
		057A452A1DFD0F5F008F46CE /* Build configuration list for PBXNativeTarget "Codeforces Round #105 (Div. 2), problem: (A) Insomnia cure" */ = {
			isa = XCConfigurationList;
			buildConfigurations = (
				057A452B1DFD0F5F008F46CE /* Debug */,
				057A452C1DFD0F5F008F46CE /* Release */,
			);
			defaultConfigurationIsVisible = 0;
		};
/* End XCConfigurationList section */
	};
	rootObject = 057A451B1DFD0F5F008F46CE /* Project object */;
}
